
Microsoft Visual Studio Solution File, Format Version 12.00
# Visual Studio Version 17
VisualStudioVersion = 17.14.37203.1 d17.14
MinimumVisualStudioVersion = 10.0.40219.1
Project("{FAE04EC0-301F-11D3-BF4B-00C04F79EFBC}") = "bdt_evm_app", "bdt_evm_app.csproj", "{B79BDD0D-ED72-4AE7-ACFE-F9D4B47FEAB3}"
EndProject
Global
	GlobalSection(SolutionConfigurationPlatforms) = preSolution
		Debug|Any CPU = Debug|Any CPU
		Release|Any CPU = Release|Any CPU
	EndGlobalSection
	GlobalSection(ProjectConfigurationPlatforms) = postSolution
		{B79BDD0D-ED72-4AE7-ACFE-F9D4B47FEAB3}.Debug|Any CPU.ActiveCfg = Debug|Any CPU
		{B79BDD0D-ED72-4AE7-ACFE-F9D4B47FEAB3}.Debug|Any CPU.Build.0 = Debug|Any CPU
		{B79BDD0D-ED72-4AE7-ACFE-F9D4B47FEAB3}.Release|Any CPU.ActiveCfg = Release|Any CPU
		{B79BDD0D-ED72-4AE7-ACFE-F9D4B47FEAB3}.Release|Any CPU.Build.0 = Release|Any CPU
	EndGlobalSection
	GlobalSection(SolutionProperties) = preSolution
		HideSolutionNode = FALSE
	EndGlobalSection
	GlobalSection(ExtensibilityGlobals) = postSolution
		SolutionGuid = {5D4F8BA4-F5F8-4A46-827A-531509AEBD27}
	EndGlobalSection
EndGlobal
